// !$*UTF8*$!
{
	archiveVersion = 1;
	classes = {
	};
	objectVersion = 50;
	objects = {

/* Begin PBXBuildFile section */
		6F0E9C812389CE3300AC2288 /* DirectoryView.swift in Sources */ = {isa = PBXBuildFile; fileRef = 6F0E9C802389CE3300AC2288 /* DirectoryView.swift */; };
		6F0E9C832389D45300AC2288 /* PercentageView.swift in Sources */ = {isa = PBXBuildFile; fileRef = 6F0E9C822389D45300AC2288 /* PercentageView.swift */; };
		6F16760D2381C57C00DCC8E6 /* CoverageData.swift in Sources */ = {isa = PBXBuildFile; fileRef = 6F16760C2381C57C00DCC8E6 /* CoverageData.swift */; };
		6F16760F2381C5BA00DCC8E6 /* CoverageFile.swift in Sources */ = {isa = PBXBuildFile; fileRef = 6F16760E2381C5BA00DCC8E6 /* CoverageFile.swift */; };
		6F1676162381D45E00DCC8E6 /* XCCovError.swift in Sources */ = {isa = PBXBuildFile; fileRef = 6F1676112381D45E00DCC8E6 /* XCCovError.swift */; };
		6F1676172381D45E00DCC8E6 /* XCCovFunction.swift in Sources */ = {isa = PBXBuildFile; fileRef = 6F1676122381D45E00DCC8E6 /* XCCovFunction.swift */; };
		6F1676182381D45E00DCC8E6 /* XCCovFile.swift in Sources */ = {isa = PBXBuildFile; fileRef = 6F1676132381D45E00DCC8E6 /* XCCovFile.swift */; };
		6F1676192381D45E00DCC8E6 /* XCCovOutput.swift in Sources */ = {isa = PBXBuildFile; fileRef = 6F1676142381D45E00DCC8E6 /* XCCovOutput.swift */; };
		6F16761A2381D45E00DCC8E6 /* XCCovTarget.swift in Sources */ = {isa = PBXBuildFile; fileRef = 6F1676152381D45E00DCC8E6 /* XCCovTarget.swift */; };
		6F16761C2381D79D00DCC8E6 /* XCCovParser.swift in Sources */ = {isa = PBXBuildFile; fileRef = 6F16761B2381D79D00DCC8E6 /* XCCovParser.swift */; };
		6F16761E2381D8A100DCC8E6 /* CoverageTarget.swift in Sources */ = {isa = PBXBuildFile; fileRef = 6F16761D2381D8A100DCC8E6 /* CoverageTarget.swift */; };
		6F1676202381E32F00DCC8E6 /* CoverageDirectory.swift in Sources */ = {isa = PBXBuildFile; fileRef = 6F16761F2381E32F00DCC8E6 /* CoverageDirectory.swift */; };
		6F167627238468C900DCC8E6 /* SidebarItemView.swift in Sources */ = {isa = PBXBuildFile; fileRef = 6F167626238468C900DCC8E6 /* SidebarItemView.swift */; };
		6F1676292384701A00DCC8E6 /* VisualEffectView.swift in Sources */ = {isa = PBXBuildFile; fileRef = 6F1676282384701A00DCC8E6 /* VisualEffectView.swift */; };
		6F16762B2384755300DCC8E6 /* test.json in Resources */ = {isa = PBXBuildFile; fileRef = 6F16762A2384755300DCC8E6 /* test.json */; };
		6F52097C238940D6001D9FC5 /* CoverageTargetView.swift in Sources */ = {isa = PBXBuildFile; fileRef = 6F52097B238940D6001D9FC5 /* CoverageTargetView.swift */; };
		6F5C5EB6238198A800C68DEA /* AppDelegate.swift in Sources */ = {isa = PBXBuildFile; fileRef = 6F5C5EB5238198A800C68DEA /* AppDelegate.swift */; };
		6F5C5EB8238198A800C68DEA /* MainView.swift in Sources */ = {isa = PBXBuildFile; fileRef = 6F5C5EB7238198A800C68DEA /* MainView.swift */; };
		6F5C5EBA238198AA00C68DEA /* Assets.xcassets in Resources */ = {isa = PBXBuildFile; fileRef = 6F5C5EB9238198AA00C68DEA /* Assets.xcassets */; };
		6F5C5EBD238198AA00C68DEA /* Preview Assets.xcassets in Resources */ = {isa = PBXBuildFile; fileRef = 6F5C5EBC238198AA00C68DEA /* Preview Assets.xcassets */; };
		6F5C5EC0238198AA00C68DEA /* Main.storyboard in Resources */ = {isa = PBXBuildFile; fileRef = 6F5C5EBE238198AA00C68DEA /* Main.storyboard */; };
		6F5C5ECC238198AA00C68DEA /* Coverage_DirsTests.swift in Sources */ = {isa = PBXBuildFile; fileRef = 6F5C5ECB238198AA00C68DEA /* Coverage_DirsTests.swift */; };
		6F5C5ED7238198AA00C68DEA /* Coverage_DirsUITests.swift in Sources */ = {isa = PBXBuildFile; fileRef = 6F5C5ED6238198AA00C68DEA /* Coverage_DirsUITests.swift */; };
/* End PBXBuildFile section */

/* Begin PBXContainerItemProxy section */
		6F5C5EC8238198AA00C68DEA /* PBXContainerItemProxy */ = {
			isa = PBXContainerItemProxy;
			containerPortal = 6F5C5EAA238198A700C68DEA /* Project object */;
			proxyType = 1;
			remoteGlobalIDString = 6F5C5EB1238198A800C68DEA;
			remoteInfo = "Coverage Dirs";
		};
		6F5C5ED3238198AA00C68DEA /* PBXContainerItemProxy */ = {
			isa = PBXContainerItemProxy;
			containerPortal = 6F5C5EAA238198A700C68DEA /* Project object */;
			proxyType = 1;
			remoteGlobalIDString = 6F5C5EB1238198A800C68DEA;
			remoteInfo = "Coverage Dirs";
		};
/* End PBXContainerItemProxy section */

/* Begin PBXFileReference section */
		6F0E9C802389CE3300AC2288 /* DirectoryView.swift */ = {isa = PBXFileReference; lastKnownFileType = sourcecode.swift; path = DirectoryView.swift; sourceTree = "<group>"; };
		6F0E9C822389D45300AC2288 /* PercentageView.swift */ = {isa = PBXFileReference; lastKnownFileType = sourcecode.swift; path = PercentageView.swift; sourceTree = "<group>"; };
		6F16760C2381C57C00DCC8E6 /* CoverageData.swift */ = {isa = PBXFileReference; lastKnownFileType = sourcecode.swift; path = CoverageData.swift; sourceTree = "<group>"; };
		6F16760E2381C5BA00DCC8E6 /* CoverageFile.swift */ = {isa = PBXFileReference; lastKnownFileType = sourcecode.swift; path = CoverageFile.swift; sourceTree = "<group>"; };
		6F1676112381D45E00DCC8E6 /* XCCovError.swift */ = {isa = PBXFileReference; fileEncoding = 4; lastKnownFileType = sourcecode.swift; path = XCCovError.swift; sourceTree = "<group>"; };
		6F1676122381D45E00DCC8E6 /* XCCovFunction.swift */ = {isa = PBXFileReference; fileEncoding = 4; lastKnownFileType = sourcecode.swift; path = XCCovFunction.swift; sourceTree = "<group>"; };
		6F1676132381D45E00DCC8E6 /* XCCovFile.swift */ = {isa = PBXFileReference; fileEncoding = 4; lastKnownFileType = sourcecode.swift; path = XCCovFile.swift; sourceTree = "<group>"; };
		6F1676142381D45E00DCC8E6 /* XCCovOutput.swift */ = {isa = PBXFileReference; fileEncoding = 4; lastKnownFileType = sourcecode.swift; path = XCCovOutput.swift; sourceTree = "<group>"; };
		6F1676152381D45E00DCC8E6 /* XCCovTarget.swift */ = {isa = PBXFileReference; fileEncoding = 4; lastKnownFileType = sourcecode.swift; path = XCCovTarget.swift; sourceTree = "<group>"; };
		6F16761B2381D79D00DCC8E6 /* XCCovParser.swift */ = {isa = PBXFileReference; lastKnownFileType = sourcecode.swift; path = XCCovParser.swift; sourceTree = "<group>"; };
		6F16761D2381D8A100DCC8E6 /* CoverageTarget.swift */ = {isa = PBXFileReference; lastKnownFileType = sourcecode.swift; path = CoverageTarget.swift; sourceTree = "<group>"; };
		6F16761F2381E32F00DCC8E6 /* CoverageDirectory.swift */ = {isa = PBXFileReference; lastKnownFileType = sourcecode.swift; path = CoverageDirectory.swift; sourceTree = "<group>"; };
		6F167626238468C900DCC8E6 /* SidebarItemView.swift */ = {isa = PBXFileReference; lastKnownFileType = sourcecode.swift; path = SidebarItemView.swift; sourceTree = "<group>"; };
		6F1676282384701A00DCC8E6 /* VisualEffectView.swift */ = {isa = PBXFileReference; lastKnownFileType = sourcecode.swift; path = VisualEffectView.swift; sourceTree = "<group>"; };
		6F16762A2384755300DCC8E6 /* test.json */ = {isa = PBXFileReference; lastKnownFileType = text.json; path = test.json; sourceTree = "<group>"; };
		6F52097B238940D6001D9FC5 /* CoverageTargetView.swift */ = {isa = PBXFileReference; lastKnownFileType = sourcecode.swift; path = CoverageTargetView.swift; sourceTree = "<group>"; };
		6F5C5EB2238198A800C68DEA /* Coverage Dirs.app */ = {isa = PBXFileReference; explicitFileType = wrapper.application; includeInIndex = 0; path = "Coverage Dirs.app"; sourceTree = BUILT_PRODUCTS_DIR; };
		6F5C5EB5238198A800C68DEA /* AppDelegate.swift */ = {isa = PBXFileReference; lastKnownFileType = sourcecode.swift; path = AppDelegate.swift; sourceTree = "<group>"; };
		6F5C5EB7238198A800C68DEA /* MainView.swift */ = {isa = PBXFileReference; lastKnownFileType = sourcecode.swift; path = MainView.swift; sourceTree = "<group>"; };
		6F5C5EB9238198AA00C68DEA /* Assets.xcassets */ = {isa = PBXFileReference; lastKnownFileType = folder.assetcatalog; path = Assets.xcassets; sourceTree = "<group>"; };
		6F5C5EBC238198AA00C68DEA /* Preview Assets.xcassets */ = {isa = PBXFileReference; lastKnownFileType = folder.assetcatalog; path = "Preview Assets.xcassets"; sourceTree = "<group>"; };
		6F5C5EBF238198AA00C68DEA /* Base */ = {isa = PBXFileReference; lastKnownFileType = file.storyboard; name = Base; path = Base.lproj/Main.storyboard; sourceTree = "<group>"; };
		6F5C5EC1238198AA00C68DEA /* Info.plist */ = {isa = PBXFileReference; lastKnownFileType = text.plist.xml; path = Info.plist; sourceTree = "<group>"; };
		6F5C5EC2238198AA00C68DEA /* Coverage_Dirs.entitlements */ = {isa = PBXFileReference; lastKnownFileType = text.plist.entitlements; path = Coverage_Dirs.entitlements; sourceTree = "<group>"; };
		6F5C5EC7238198AA00C68DEA /* Coverage DirsTests.xctest */ = {isa = PBXFileReference; explicitFileType = wrapper.cfbundle; includeInIndex = 0; path = "Coverage DirsTests.xctest"; sourceTree = BUILT_PRODUCTS_DIR; };
		6F5C5ECB238198AA00C68DEA /* Coverage_DirsTests.swift */ = {isa = PBXFileReference; lastKnownFileType = sourcecode.swift; path = Coverage_DirsTests.swift; sourceTree = "<group>"; };
		6F5C5ECD238198AA00C68DEA /* Info.plist */ = {isa = PBXFileReference; lastKnownFileType = text.plist.xml; path = Info.plist; sourceTree = "<group>"; };
		6F5C5ED2238198AA00C68DEA /* Coverage DirsUITests.xctest */ = {isa = PBXFileReference; explicitFileType = wrapper.cfbundle; includeInIndex = 0; path = "Coverage DirsUITests.xctest"; sourceTree = BUILT_PRODUCTS_DIR; };
		6F5C5ED6238198AA00C68DEA /* Coverage_DirsUITests.swift */ = {isa = PBXFileReference; lastKnownFileType = sourcecode.swift; path = Coverage_DirsUITests.swift; sourceTree = "<group>"; };
		6F5C5ED8238198AA00C68DEA /* Info.plist */ = {isa = PBXFileReference; lastKnownFileType = text.plist.xml; path = Info.plist; sourceTree = "<group>"; };
/* End PBXFileReference section */

/* Begin PBXFrameworksBuildPhase section */
		6F5C5EAF238198A800C68DEA /* Frameworks */ = {
			isa = PBXFrameworksBuildPhase;
			buildActionMask = 2147483647;
			files = (
			);
			runOnlyForDeploymentPostprocessing = 0;
		};
		6F5C5EC4238198AA00C68DEA /* Frameworks */ = {
			isa = PBXFrameworksBuildPhase;
			buildActionMask = 2147483647;
			files = (
			);
			runOnlyForDeploymentPostprocessing = 0;
		};
		6F5C5ECF238198AA00C68DEA /* Frameworks */ = {
			isa = PBXFrameworksBuildPhase;
			buildActionMask = 2147483647;
			files = (
			);
			runOnlyForDeploymentPostprocessing = 0;
		};
/* End PBXFrameworksBuildPhase section */

/* Begin PBXGroup section */
		6F16760A2381C56300DCC8E6 /* Model */ = {
			isa = PBXGroup;
			children = (
				6F16760B2381C56900DCC8E6 /* Entities */,
				6F16761B2381D79D00DCC8E6 /* XCCovParser.swift */,
			);
			path = Model;
			sourceTree = "<group>";
		};
		6F16760B2381C56900DCC8E6 /* Entities */ = {
			isa = PBXGroup;
			children = (
				6F1676102381D40C00DCC8E6 /* XCCov */,
				6F16760C2381C57C00DCC8E6 /* CoverageData.swift */,
				6F16761D2381D8A100DCC8E6 /* CoverageTarget.swift */,
				6F16760E2381C5BA00DCC8E6 /* CoverageFile.swift */,
				6F16761F2381E32F00DCC8E6 /* CoverageDirectory.swift */,
			);
			path = Entities;
			sourceTree = "<group>";
		};
		6F1676102381D40C00DCC8E6 /* XCCov */ = {
			isa = PBXGroup;
			children = (
				6F1676112381D45E00DCC8E6 /* XCCovError.swift */,
				6F1676132381D45E00DCC8E6 /* XCCovFile.swift */,
				6F1676122381D45E00DCC8E6 /* XCCovFunction.swift */,
				6F1676142381D45E00DCC8E6 /* XCCovOutput.swift */,
				6F1676152381D45E00DCC8E6 /* XCCovTarget.swift */,
			);
			path = XCCov;
			sourceTree = "<group>";
		};
		6F16762223832BB600DCC8E6 /* Test_File */ = {
			isa = PBXGroup;
			children = (
				6F16762A2384755300DCC8E6 /* test.json */,
			);
			path = Test_File;
			sourceTree = "<group>";
		};
		6F1676252384683E00DCC8E6 /*  Views */ = {
			isa = PBXGroup;
			children = (
				6F5C5EB7238198A800C68DEA /* MainView.swift */,
				6F167626238468C900DCC8E6 /* SidebarItemView.swift */,
				6F1676282384701A00DCC8E6 /* VisualEffectView.swift */,
				6F52097B238940D6001D9FC5 /* CoverageTargetView.swift */,
				6F0E9C802389CE3300AC2288 /* DirectoryView.swift */,
				6F0E9C822389D45300AC2288 /* PercentageView.swift */,
			);
			path = " Views";
			sourceTree = "<group>";
		};
		6F5C5EA9238198A700C68DEA = {
			isa = PBXGroup;
			children = (
				6F5C5EB4238198A800C68DEA /* Coverage Dirs */,
				6F5C5ECA238198AA00C68DEA /* Coverage DirsTests */,
				6F5C5ED5238198AA00C68DEA /* Coverage DirsUITests */,
				6F5C5EB3238198A800C68DEA /* Products */,
			);
			sourceTree = "<group>";
		};
		6F5C5EB3238198A800C68DEA /* Products */ = {
			isa = PBXGroup;
			children = (
				6F5C5EB2238198A800C68DEA /* Coverage Dirs.app */,
				6F5C5EC7238198AA00C68DEA /* Coverage DirsTests.xctest */,
				6F5C5ED2238198AA00C68DEA /* Coverage DirsUITests.xctest */,
			);
			name = Products;
			sourceTree = "<group>";
		};
		6F5C5EB4238198A800C68DEA /* Coverage Dirs */ = {
			isa = PBXGroup;
			children = (
				6F16762223832BB600DCC8E6 /* Test_File */,
				6F16760A2381C56300DCC8E6 /* Model */,
				6F1676252384683E00DCC8E6 /*  Views */,
				6F5C5EB5238198A800C68DEA /* AppDelegate.swift */,
				6F5C5EB9238198AA00C68DEA /* Assets.xcassets */,
				6F5C5EBE238198AA00C68DEA /* Main.storyboard */,
				6F5C5EC1238198AA00C68DEA /* Info.plist */,
				6F5C5EC2238198AA00C68DEA /* Coverage_Dirs.entitlements */,
				6F5C5EBB238198AA00C68DEA /* Preview Content */,
			);
			path = "Coverage Dirs";
			sourceTree = "<group>";
		};
		6F5C5EBB238198AA00C68DEA /* Preview Content */ = {
			isa = PBXGroup;
			children = (
				6F5C5EBC238198AA00C68DEA /* Preview Assets.xcassets */,
			);
			path = "Preview Content";
			sourceTree = "<group>";
		};
		6F5C5ECA238198AA00C68DEA /* Coverage DirsTests */ = {
			isa = PBXGroup;
			children = (
				6F5C5ECB238198AA00C68DEA /* Coverage_DirsTests.swift */,
				6F5C5ECD238198AA00C68DEA /* Info.plist */,
			);
			path = "Coverage DirsTests";
			sourceTree = "<group>";
		};
		6F5C5ED5238198AA00C68DEA /* Coverage DirsUITests */ = {
			isa = PBXGroup;
			children = (
				6F5C5ED6238198AA00C68DEA /* Coverage_DirsUITests.swift */,
				6F5C5ED8238198AA00C68DEA /* Info.plist */,
			);
			path = "Coverage DirsUITests";
			sourceTree = "<group>";
		};
/* End PBXGroup section */

/* Begin PBXNativeTarget section */
		6F5C5EB1238198A800C68DEA /* Coverage Dirs */ = {
			isa = PBXNativeTarget;
			buildConfigurationList = 6F5C5EDB238198AA00C68DEA /* Build configuration list for PBXNativeTarget "Coverage Dirs" */;
			buildPhases = (
				6F1676212381FB1B00DCC8E6 /* ShellScript */,
				6F5C5EAE238198A800C68DEA /* Sources */,
				6F5C5EAF238198A800C68DEA /* Frameworks */,
				6F5C5EB0238198A800C68DEA /* Resources */,
			);
			buildRules = (
			);
			dependencies = (
			);
			name = "Coverage Dirs";
			productName = "Coverage Dirs";
			productReference = 6F5C5EB2238198A800C68DEA /* Coverage Dirs.app */;
			productType = "com.apple.product-type.application";
		};
		6F5C5EC6238198AA00C68DEA /* Coverage DirsTests */ = {
			isa = PBXNativeTarget;
			buildConfigurationList = 6F5C5EDE238198AA00C68DEA /* Build configuration list for PBXNativeTarget "Coverage DirsTests" */;
			buildPhases = (
				6F5C5EC3238198AA00C68DEA /* Sources */,
				6F5C5EC4238198AA00C68DEA /* Frameworks */,
				6F5C5EC5238198AA00C68DEA /* Resources */,
			);
			buildRules = (
			);
			dependencies = (
				6F5C5EC9238198AA00C68DEA /* PBXTargetDependency */,
			);
			name = "Coverage DirsTests";
			productName = "Coverage DirsTests";
			productReference = 6F5C5EC7238198AA00C68DEA /* Coverage DirsTests.xctest */;
			productType = "com.apple.product-type.bundle.unit-test";
		};
		6F5C5ED1238198AA00C68DEA /* Coverage DirsUITests */ = {
			isa = PBXNativeTarget;
			buildConfigurationList = 6F5C5EE1238198AA00C68DEA /* Build configuration list for PBXNativeTarget "Coverage DirsUITests" */;
			buildPhases = (
				6F5C5ECE238198AA00C68DEA /* Sources */,
				6F5C5ECF238198AA00C68DEA /* Frameworks */,
				6F5C5ED0238198AA00C68DEA /* Resources */,
			);
			buildRules = (
			);
			dependencies = (
				6F5C5ED4238198AA00C68DEA /* PBXTargetDependency */,
			);
			name = "Coverage DirsUITests";
			productName = "Coverage DirsUITests";
			productReference = 6F5C5ED2238198AA00C68DEA /* Coverage DirsUITests.xctest */;
			productType = "com.apple.product-type.bundle.ui-testing";
		};
/* End PBXNativeTarget section */

/* Begin PBXProject section */
		6F5C5EAA238198A700C68DEA /* Project object */ = {
			isa = PBXProject;
			attributes = {
				LastSwiftUpdateCheck = 1120;
				LastUpgradeCheck = 1120;
				ORGANIZATIONNAME = "Dušan Tadić";
				TargetAttributes = {
					6F5C5EB1238198A800C68DEA = {
						CreatedOnToolsVersion = 11.2.1;
					};
					6F5C5EC6238198AA00C68DEA = {
						CreatedOnToolsVersion = 11.2.1;
						TestTargetID = 6F5C5EB1238198A800C68DEA;
					};
					6F5C5ED1238198AA00C68DEA = {
						CreatedOnToolsVersion = 11.2.1;
						TestTargetID = 6F5C5EB1238198A800C68DEA;
					};
				};
			};
			buildConfigurationList = 6F5C5EAD238198A700C68DEA /* Build configuration list for PBXProject "Coverage Dirs" */;
			compatibilityVersion = "Xcode 9.3";
			developmentRegion = en;
			hasScannedForEncodings = 0;
			knownRegions = (
				en,
				Base,
			);
			mainGroup = 6F5C5EA9238198A700C68DEA;
			productRefGroup = 6F5C5EB3238198A800C68DEA /* Products */;
			projectDirPath = "";
			projectRoot = "";
			targets = (
				6F5C5EB1238198A800C68DEA /* Coverage Dirs */,
				6F5C5EC6238198AA00C68DEA /* Coverage DirsTests */,
				6F5C5ED1238198AA00C68DEA /* Coverage DirsUITests */,
			);
		};
/* End PBXProject section */

/* Begin PBXResourcesBuildPhase section */
		6F5C5EB0238198A800C68DEA /* Resources */ = {
			isa = PBXResourcesBuildPhase;
			buildActionMask = 2147483647;
			files = (
				6F5C5EC0238198AA00C68DEA /* Main.storyboard in Resources */,
				6F5C5EBD238198AA00C68DEA /* Preview Assets.xcassets in Resources */,
				6F16762B2384755300DCC8E6 /* test.json in Resources */,
				6F5C5EBA238198AA00C68DEA /* Assets.xcassets in Resources */,
			);
			runOnlyForDeploymentPostprocessing = 0;
		};
		6F5C5EC5238198AA00C68DEA /* Resources */ = {
			isa = PBXResourcesBuildPhase;
			buildActionMask = 2147483647;
			files = (
			);
			runOnlyForDeploymentPostprocessing = 0;
		};
		6F5C5ED0238198AA00C68DEA /* Resources */ = {
			isa = PBXResourcesBuildPhase;
			buildActionMask = 2147483647;
			files = (
			);
			runOnlyForDeploymentPostprocessing = 0;
		};
/* End PBXResourcesBuildPhase section */

/* Begin PBXShellScriptBuildPhase section */
		6F1676212381FB1B00DCC8E6 /* ShellScript */ = {
			isa = PBXShellScriptBuildPhase;
			buildActionMask = 2147483647;
			files = (
			);
			inputFileListPaths = (
			);
			inputPaths = (
			);
			outputFileListPaths = (
			);
			outputPaths = (
			);
			runOnlyForDeploymentPostprocessing = 0;
			shellPath = /bin/sh;
			shellScript = "# Type a script or drag a script file from your workspace to insert its path.\nif which swiftlint >/dev/null; then\n  swiftlint\nelse\n  echo \"warning: SwiftLint not installed, download from https://github.com/realm/SwiftLint\"\nfi\n";
		};
/* End PBXShellScriptBuildPhase section */

/* Begin PBXSourcesBuildPhase section */
		6F5C5EAE238198A800C68DEA /* Sources */ = {
			isa = PBXSourcesBuildPhase;
			buildActionMask = 2147483647;
			files = (
				6F1676192381D45E00DCC8E6 /* XCCovOutput.swift in Sources */,
				6F5C5EB8238198A800C68DEA /* MainView.swift in Sources */,
				6F1676172381D45E00DCC8E6 /* XCCovFunction.swift in Sources */,
				6F16760F2381C5BA00DCC8E6 /* CoverageFile.swift in Sources */,
				6F16761E2381D8A100DCC8E6 /* CoverageTarget.swift in Sources */,
				6F16761C2381D79D00DCC8E6 /* XCCovParser.swift in Sources */,
				6F0E9C832389D45300AC2288 /* PercentageView.swift in Sources */,
				6F167627238468C900DCC8E6 /* SidebarItemView.swift in Sources */,
				6F16761A2381D45E00DCC8E6 /* XCCovTarget.swift in Sources */,
				6F1676182381D45E00DCC8E6 /* XCCovFile.swift in Sources */,
				6F1676292384701A00DCC8E6 /* VisualEffectView.swift in Sources */,
				6F1676162381D45E00DCC8E6 /* XCCovError.swift in Sources */,
				6F5C5EB6238198A800C68DEA /* AppDelegate.swift in Sources */,
				6F16760D2381C57C00DCC8E6 /* CoverageData.swift in Sources */,
				6F1676202381E32F00DCC8E6 /* CoverageDirectory.swift in Sources */,
				6F0E9C812389CE3300AC2288 /* DirectoryView.swift in Sources */,
				6F52097C238940D6001D9FC5 /* CoverageTargetView.swift in Sources */,
			);
			runOnlyForDeploymentPostprocessing = 0;
		};
		6F5C5EC3238198AA00C68DEA /* Sources */ = {
			isa = PBXSourcesBuildPhase;
			buildActionMask = 2147483647;
			files = (
				6F5C5ECC238198AA00C68DEA /* Coverage_DirsTests.swift in Sources */,
			);
			runOnlyForDeploymentPostprocessing = 0;
		};
		6F5C5ECE238198AA00C68DEA /* Sources */ = {
			isa = PBXSourcesBuildPhase;
			buildActionMask = 2147483647;
			files = (
				6F5C5ED7238198AA00C68DEA /* Coverage_DirsUITests.swift in Sources */,
			);
			runOnlyForDeploymentPostprocessing = 0;
		};
/* End PBXSourcesBuildPhase section */

/* Begin PBXTargetDependency section */
		6F5C5EC9238198AA00C68DEA /* PBXTargetDependency */ = {
			isa = PBXTargetDependency;
			target = 6F5C5EB1238198A800C68DEA /* Coverage Dirs */;
			targetProxy = 6F5C5EC8238198AA00C68DEA /* PBXContainerItemProxy */;
		};
		6F5C5ED4238198AA00C68DEA /* PBXTargetDependency */ = {
			isa = PBXTargetDependency;
			target = 6F5C5EB1238198A800C68DEA /* Coverage Dirs */;
			targetProxy = 6F5C5ED3238198AA00C68DEA /* PBXContainerItemProxy */;
		};
/* End PBXTargetDependency section */

/* Begin PBXVariantGroup section */
		6F5C5EBE238198AA00C68DEA /* Main.storyboard */ = {
			isa = PBXVariantGroup;
			children = (
				6F5C5EBF238198AA00C68DEA /* Base */,
			);
			name = Main.storyboard;
			sourceTree = "<group>";
		};
/* End PBXVariantGroup section */

/* Begin XCBuildConfiguration section */
		6F5C5ED9238198AA00C68DEA /* Debug */ = {
			isa = XCBuildConfiguration;
			buildSettings = {
				ALWAYS_SEARCH_USER_PATHS = NO;
				CLANG_ANALYZER_NONNULL = YES;
				CLANG_ANALYZER_NUMBER_OBJECT_CONVERSION = YES_AGGRESSIVE;
				CLANG_CXX_LANGUAGE_STANDARD = "gnu++14";
				CLANG_CXX_LIBRARY = "libc++";
				CLANG_ENABLE_MODULES = YES;
				CLANG_ENABLE_OBJC_ARC = YES;
				CLANG_ENABLE_OBJC_WEAK = YES;
				CLANG_WARN_BLOCK_CAPTURE_AUTORELEASING = YES;
				CLANG_WARN_BOOL_CONVERSION = YES;
				CLANG_WARN_COMMA = YES;
				CLANG_WARN_CONSTANT_CONVERSION = YES;
				CLANG_WARN_DEPRECATED_OBJC_IMPLEMENTATIONS = YES;
				CLANG_WARN_DIRECT_OBJC_ISA_USAGE = YES_ERROR;
				CLANG_WARN_DOCUMENTATION_COMMENTS = YES;
				CLANG_WARN_EMPTY_BODY = YES;
				CLANG_WARN_ENUM_CONVERSION = YES;
				CLANG_WARN_INFINITE_RECURSION = YES;
				CLANG_WARN_INT_CONVERSION = YES;
				CLANG_WARN_NON_LITERAL_NULL_CONVERSION = YES;
				CLANG_WARN_OBJC_IMPLICIT_RETAIN_SELF = YES;
				CLANG_WARN_OBJC_LITERAL_CONVERSION = YES;
				CLANG_WARN_OBJC_ROOT_CLASS = YES_ERROR;
				CLANG_WARN_RANGE_LOOP_ANALYSIS = YES;
				CLANG_WARN_STRICT_PROTOTYPES = YES;
				CLANG_WARN_SUSPICIOUS_MOVE = YES;
				CLANG_WARN_UNGUARDED_AVAILABILITY = YES_AGGRESSIVE;
				CLANG_WARN_UNREACHABLE_CODE = YES;
				CLANG_WARN__DUPLICATE_METHOD_MATCH = YES;
				COPY_PHASE_STRIP = NO;
				DEBUG_INFORMATION_FORMAT = dwarf;
				ENABLE_STRICT_OBJC_MSGSEND = YES;
				ENABLE_TESTABILITY = YES;
				GCC_C_LANGUAGE_STANDARD = gnu11;
				GCC_DYNAMIC_NO_PIC = NO;
				GCC_NO_COMMON_BLOCKS = YES;
				GCC_OPTIMIZATION_LEVEL = 0;
				GCC_PREPROCESSOR_DEFINITIONS = (
					"DEBUG=1",
					"$(inherited)",
				);
				GCC_WARN_64_TO_32_BIT_CONVERSION = YES;
				GCC_WARN_ABOUT_RETURN_TYPE = YES_ERROR;
				GCC_WARN_UNDECLARED_SELECTOR = YES;
				GCC_WARN_UNINITIALIZED_AUTOS = YES_AGGRESSIVE;
				GCC_WARN_UNUSED_FUNCTION = YES;
				GCC_WARN_UNUSED_VARIABLE = YES;
				MACOSX_DEPLOYMENT_TARGET = 10.15;
				MTL_ENABLE_DEBUG_INFO = INCLUDE_SOURCE;
				MTL_FAST_MATH = YES;
				ONLY_ACTIVE_ARCH = YES;
				SDKROOT = macosx;
				SWIFT_ACTIVE_COMPILATION_CONDITIONS = DEBUG;
				SWIFT_OPTIMIZATION_LEVEL = "-Onone";
			};
			name = Debug;
		};
		6F5C5EDA238198AA00C68DEA /* Release */ = {
			isa = XCBuildConfiguration;
			buildSettings = {
				ALWAYS_SEARCH_USER_PATHS = NO;
				CLANG_ANALYZER_NONNULL = YES;
				CLANG_ANALYZER_NUMBER_OBJECT_CONVERSION = YES_AGGRESSIVE;
				CLANG_CXX_LANGUAGE_STANDARD = "gnu++14";
				CLANG_CXX_LIBRARY = "libc++";
				CLANG_ENABLE_MODULES = YES;
				CLANG_ENABLE_OBJC_ARC = YES;
				CLANG_ENABLE_OBJC_WEAK = YES;
				CLANG_WARN_BLOCK_CAPTURE_AUTORELEASING = YES;
				CLANG_WARN_BOOL_CONVERSION = YES;
				CLANG_WARN_COMMA = YES;
				CLANG_WARN_CONSTANT_CONVERSION = YES;
				CLANG_WARN_DEPRECATED_OBJC_IMPLEMENTATIONS = YES;
				CLANG_WARN_DIRECT_OBJC_ISA_USAGE = YES_ERROR;
				CLANG_WARN_DOCUMENTATION_COMMENTS = YES;
				CLANG_WARN_EMPTY_BODY = YES;
				CLANG_WARN_ENUM_CONVERSION = YES;
				CLANG_WARN_INFINITE_RECURSION = YES;
				CLANG_WARN_INT_CONVERSION = YES;
				CLANG_WARN_NON_LITERAL_NULL_CONVERSION = YES;
				CLANG_WARN_OBJC_IMPLICIT_RETAIN_SELF = YES;
				CLANG_WARN_OBJC_LITERAL_CONVERSION = YES;
				CLANG_WARN_OBJC_ROOT_CLASS = YES_ERROR;
				CLANG_WARN_RANGE_LOOP_ANALYSIS = YES;
				CLANG_WARN_STRICT_PROTOTYPES = YES;
				CLANG_WARN_SUSPICIOUS_MOVE = YES;
				CLANG_WARN_UNGUARDED_AVAILABILITY = YES_AGGRESSIVE;
				CLANG_WARN_UNREACHABLE_CODE = YES;
				CLANG_WARN__DUPLICATE_METHOD_MATCH = YES;
				COPY_PHASE_STRIP = NO;
				DEBUG_INFORMATION_FORMAT = "dwarf-with-dsym";
				ENABLE_NS_ASSERTIONS = NO;
				ENABLE_STRICT_OBJC_MSGSEND = YES;
				GCC_C_LANGUAGE_STANDARD = gnu11;
				GCC_NO_COMMON_BLOCKS = YES;
				GCC_WARN_64_TO_32_BIT_CONVERSION = YES;
				GCC_WARN_ABOUT_RETURN_TYPE = YES_ERROR;
				GCC_WARN_UNDECLARED_SELECTOR = YES;
				GCC_WARN_UNINITIALIZED_AUTOS = YES_AGGRESSIVE;
				GCC_WARN_UNUSED_FUNCTION = YES;
				GCC_WARN_UNUSED_VARIABLE = YES;
				MACOSX_DEPLOYMENT_TARGET = 10.15;
				MTL_ENABLE_DEBUG_INFO = NO;
				MTL_FAST_MATH = YES;
				SDKROOT = macosx;
				SWIFT_COMPILATION_MODE = wholemodule;
				SWIFT_OPTIMIZATION_LEVEL = "-O";
			};
			name = Release;
		};
		6F5C5EDC238198AA00C68DEA /* Debug */ = {
			isa = XCBuildConfiguration;
			buildSettings = {
				ASSETCATALOG_COMPILER_APPICON_NAME = AppIcon;
				CODE_SIGN_ENTITLEMENTS = "Coverage Dirs/Coverage_Dirs.entitlements";
				CODE_SIGN_IDENTITY = "Apple Development";
				CODE_SIGN_STYLE = Automatic;
				COMBINE_HIDPI_IMAGES = YES;
				DEVELOPMENT_ASSET_PATHS = "\"Coverage Dirs/Preview Content\"";
				DEVELOPMENT_TEAM = R4FJ597FC6;
				ENABLE_HARDENED_RUNTIME = YES;
				ENABLE_PREVIEWS = YES;
				INFOPLIST_FILE = "Coverage Dirs/Info.plist";
				LD_RUNPATH_SEARCH_PATHS = (
					"$(inherited)",
					"@executable_path/../Frameworks",
				);
				MACOSX_DEPLOYMENT_TARGET = 10.15;
				PRODUCT_BUNDLE_IDENTIFIER = "dev.dusantadic.Coverage-Dirs";
				PRODUCT_NAME = "$(TARGET_NAME)";
				PROVISIONING_PROFILE_SPECIFIER = "";
				SWIFT_VERSION = 5.0;
			};
			name = Debug;
		};
		6F5C5EDD238198AA00C68DEA /* Release */ = {
			isa = XCBuildConfiguration;
			buildSettings = {
				ASSETCATALOG_COMPILER_APPICON_NAME = AppIcon;
				CODE_SIGN_ENTITLEMENTS = "Coverage Dirs/Coverage_Dirs.entitlements";
				CODE_SIGN_IDENTITY = "Apple Development";
				CODE_SIGN_STYLE = Automatic;
				COMBINE_HIDPI_IMAGES = YES;
				DEVELOPMENT_ASSET_PATHS = "\"Coverage Dirs/Preview Content\"";
				DEVELOPMENT_TEAM = R4FJ597FC6;
				ENABLE_HARDENED_RUNTIME = YES;
				ENABLE_PREVIEWS = YES;
				INFOPLIST_FILE = "Coverage Dirs/Info.plist";
				LD_RUNPATH_SEARCH_PATHS = (
					"$(inherited)",
					"@executable_path/../Frameworks",
				);
				MACOSX_DEPLOYMENT_TARGET = 10.15;
				PRODUCT_BUNDLE_IDENTIFIER = "dev.dusantadic.Coverage-Dirs";
				PRODUCT_NAME = "$(TARGET_NAME)";
				PROVISIONING_PROFILE_SPECIFIER = "";
				SWIFT_VERSION = 5.0;
			};
			name = Release;
		};
		6F5C5EDF238198AA00C68DEA /* Debug */ = {
			isa = XCBuildConfiguration;
			buildSettings = {
				ALWAYS_EMBED_SWIFT_STANDARD_LIBRARIES = YES;
				BUNDLE_LOADER = "$(TEST_HOST)";
				CODE_SIGN_STYLE = Automatic;
				COMBINE_HIDPI_IMAGES = YES;
				DEVELOPMENT_TEAM = R4FJ597FC6;
				INFOPLIST_FILE = "Coverage DirsTests/Info.plist";
				LD_RUNPATH_SEARCH_PATHS = (
					"$(inherited)",
					"@executable_path/../Frameworks",
					"@loader_path/../Frameworks",
				);
				MACOSX_DEPLOYMENT_TARGET = 10.15;
				PRODUCT_BUNDLE_IDENTIFIER = "dev.dusantadic.Coverage-DirsTests";
				PRODUCT_NAME = "$(TARGET_NAME)";
				SWIFT_VERSION = 5.0;
				TEST_HOST = "$(BUILT_PRODUCTS_DIR)/Coverage Dirs.app/Contents/MacOS/Coverage Dirs";
			};
			name = Debug;
		};
		6F5C5EE0238198AA00C68DEA /* Release */ = {
			isa = XCBuildConfiguration;
			buildSettings = {
				ALWAYS_EMBED_SWIFT_STANDARD_LIBRARIES = YES;
				BUNDLE_LOADER = "$(TEST_HOST)";
				CODE_SIGN_STYLE = Automatic;
				COMBINE_HIDPI_IMAGES = YES;
				DEVELOPMENT_TEAM = R4FJ597FC6;
				INFOPLIST_FILE = "Coverage DirsTests/Info.plist";
				LD_RUNPATH_SEARCH_PATHS = (
					"$(inherited)",
					"@executable_path/../Frameworks",
					"@loader_path/../Frameworks",
				);
				MACOSX_DEPLOYMENT_TARGET = 10.15;
				PRODUCT_BUNDLE_IDENTIFIER = "dev.dusantadic.Coverage-DirsTests";
				PRODUCT_NAME = "$(TARGET_NAME)";
				SWIFT_VERSION = 5.0;
				TEST_HOST = "$(BUILT_PRODUCTS_DIR)/Coverage Dirs.app/Contents/MacOS/Coverage Dirs";
			};
			name = Release;
		};
		6F5C5EE2238198AA00C68DEA /* Debug */ = {
			isa = XCBuildConfiguration;
			buildSettings = {
				ALWAYS_EMBED_SWIFT_STANDARD_LIBRARIES = YES;
				CODE_SIGN_STYLE = Automatic;
				COMBINE_HIDPI_IMAGES = YES;
				DEVELOPMENT_TEAM = R4FJ597FC6;
				INFOPLIST_FILE = "Coverage DirsUITests/Info.plist";
				LD_RUNPATH_SEARCH_PATHS = (
					"$(inherited)",
					"@executable_path/../Frameworks",
					"@loader_path/../Frameworks",
				);
				PRODUCT_BUNDLE_IDENTIFIER = "dev.dusantadic.Coverage-DirsUITests";
				PRODUCT_NAME = "$(TARGET_NAME)";
				SWIFT_VERSION = 5.0;
				TEST_TARGET_NAME = "Coverage Dirs";
			};
			name = Debug;
		};
		6F5C5EE3238198AA00C68DEA /* Release */ = {
			isa = XCBuildConfiguration;
			buildSettings = {
				ALWAYS_EMBED_SWIFT_STANDARD_LIBRARIES = YES;
				CODE_SIGN_STYLE = Automatic;
				COMBINE_HIDPI_IMAGES = YES;
				DEVELOPMENT_TEAM = R4FJ597FC6;
				INFOPLIST_FILE = "Coverage DirsUITests/Info.plist";
				LD_RUNPATH_SEARCH_PATHS = (
					"$(inherited)",
					"@executable_path/../Frameworks",
					"@loader_path/../Frameworks",
				);
				PRODUCT_BUNDLE_IDENTIFIER = "dev.dusantadic.Coverage-DirsUITests";
				PRODUCT_NAME = "$(TARGET_NAME)";
				SWIFT_VERSION = 5.0;
				TEST_TARGET_NAME = "Coverage Dirs";
			};
			name = Release;
		};
/* End XCBuildConfiguration section */

/* Begin XCConfigurationList section */
		6F5C5EAD238198A700C68DEA /* Build configuration list for PBXProject "Coverage Dirs" */ = {
			isa = XCConfigurationList;
			buildConfigurations = (
				6F5C5ED9238198AA00C68DEA /* Debug */,
				6F5C5EDA238198AA00C68DEA /* Release */,
			);
			defaultConfigurationIsVisible = 0;
			defaultConfigurationName = Release;
		};
		6F5C5EDB238198AA00C68DEA /* Build configuration list for PBXNativeTarget "Coverage Dirs" */ = {
			isa = XCConfigurationList;
			buildConfigurations = (
				6F5C5EDC238198AA00C68DEA /* Debug */,
				6F5C5EDD238198AA00C68DEA /* Release */,
			);
			defaultConfigurationIsVisible = 0;
			defaultConfigurationName = Release;
		};
		6F5C5EDE238198AA00C68DEA /* Build configuration list for PBXNativeTarget "Coverage DirsTests" */ = {
			isa = XCConfigurationList;
			buildConfigurations = (
				6F5C5EDF238198AA00C68DEA /* Debug */,
				6F5C5EE0238198AA00C68DEA /* Release */,
			);
			defaultConfigurationIsVisible = 0;
			defaultConfigurationName = Release;
		};
		6F5C5EE1238198AA00C68DEA /* Build configuration list for PBXNativeTarget "Coverage DirsUITests" */ = {
			isa = XCConfigurationList;
			buildConfigurations = (
				6F5C5EE2238198AA00C68DEA /* Debug */,
				6F5C5EE3238198AA00C68DEA /* Release */,
			);
			defaultConfigurationIsVisible = 0;
			defaultConfigurationName = Release;
		};
/* End XCConfigurationList section */
	};
	rootObject = 6F5C5EAA238198A700C68DEA /* Project object */;
}
